schema: '2.0'
stages:
  load_data:
    cmd: python src/pipelines/load_data.py
    deps:
    - path: src/pipelines/load_data.py
      hash: md5
      md5: e32cdb03fff378cad07620670b20a9a2
      size: 1342
    outs:
    - path: data/raw/green_tripdata_2021-01.parquet
      hash: md5
      md5: 58f7622b863151fc9f4d51eff826db50
      size: 1333519
    - path: data/raw/green_tripdata_2021-02.parquet
      hash: md5
      md5: 37305f2db8bd9ae2553212bba9e2b0b5
      size: 1145679
  process_data:
    cmd: python src/pipelines/process_data.py
    deps:
    - path: data/raw/green_tripdata_2021-01.parquet
      hash: md5
      md5: 58f7622b863151fc9f4d51eff826db50
      size: 1333519
    - path: data/raw/green_tripdata_2021-02.parquet
      hash: md5
      md5: 37305f2db8bd9ae2553212bba9e2b0b5
      size: 1145679
    - path: src/pipelines/process_data.py
      hash: md5
      md5: 6df24852e7aa8488be380369663d91c1
      size: 1339
    outs:
    - path: data/features/green_tripdata_2021-01.parquet
      hash: md5
      md5: dedcf47cfa0b13da9b4c111c0791dce7
      size: 5162764
    - path: data/features/green_tripdata_2021-02.parquet
      hash: md5
      md5: 873583a135c5efbb98c1ce39fea18cfc
      size: 4392645
  train:
    cmd: python src/pipelines/train.py
    deps:
    - path: data/features/green_tripdata_2021-01.parquet
      hash: md5
      md5: dedcf47cfa0b13da9b4c111c0791dce7
      size: 5162764
    - path: src/pipelines/train.py
      hash: md5
      md5: f93d72932ccd1379bb88600ea7f93ee2
      size: 2199
    outs:
    - path: models/model.joblib
      hash: md5
      md5: 7685282c7fcebf1362b582c4a8a5f2d0
      size: 1048
  prepare_reference_data:
    cmd: python src/pipelines/prepare_reference_data.py
    deps:
    - path: models/model.joblib
      hash: md5
      md5: 7685282c7fcebf1362b582c4a8a5f2d0
      size: 1048
    - path: src/pipelines/prepare_reference_data.py
      hash: md5
      md5: a7681e63ac8184c8fd979ce832e36ca0
      size: 1131
    outs:
    - path: data/reference/reference_data_2021-01.parquet
      hash: md5
      md5: ee6966aa98029b2de3d1bf3727d0e873
      size: 1477346
